
Microsoft Visual Studio Solution File, Format Version 12.00
# Visual Studio Version 17
VisualStudioVersion = 17.8.34330.188
MinimumVisualStudioVersion = 10.0.40219.1
Project("{9A19103F-16F7-4668-BE54-9A1E7A4F7556}") = "vacation_backend", "vacation_backend\vacation_backend.csproj", "{2711E9AA-1F4C-4625-8217-C32FB090C8E4}"
EndProject
Project("{FAE04EC0-301F-11D3-BF4B-00C04F79EFBC}") = "VacationSeeder", "VacationSeeder\VacationSeeder.csproj", "{CE798463-A437-4EF6-94ED-2F93F677B959}"
EndProject
Project("{54A90642-561A-4BB1-A94E-469ADEE60C69}") = "vacation-frontend", "vacation-frontend\vacation-frontend.esproj", "{1004A808-4CF9-4C61-9D04-E607D520F36F}"
EndProject
Global
	GlobalSection(SolutionConfigurationPlatforms) = preSolution
		Debug|Any CPU = Debug|Any CPU
		Debug|x64 = Debug|x64
		Debug|x86 = Debug|x86
		Release|Any CPU = Release|Any CPU
		Release|x64 = Release|x64
		Release|x86 = Release|x86
	EndGlobalSection
	GlobalSection(ProjectConfigurationPlatforms) = postSolution
		{2711E9AA-1F4C-4625-8217-C32FB090C8E4}.Debug|Any CPU.ActiveCfg = Debug|Any CPU
		{2711E9AA-1F4C-4625-8217-C32FB090C8E4}.Debug|Any CPU.Build.0 = Debug|Any CPU
		{2711E9AA-1F4C-4625-8217-C32FB090C8E4}.Debug|x64.ActiveCfg = Debug|Any CPU
		{2711E9AA-1F4C-4625-8217-C32FB090C8E4}.Debug|x64.Build.0 = Debug|Any CPU
		{2711E9AA-1F4C-4625-8217-C32FB090C8E4}.Debug|x86.ActiveCfg = Debug|Any CPU
		{2711E9AA-1F4C-4625-8217-C32FB090C8E4}.Debug|x86.Build.0 = Debug|Any CPU
		{2711E9AA-1F4C-4625-8217-C32FB090C8E4}.Release|Any CPU.ActiveCfg = Release|Any CPU
		{2711E9AA-1F4C-4625-8217-C32FB090C8E4}.Release|Any CPU.Build.0 = Release|Any CPU
		{2711E9AA-1F4C-4625-8217-C32FB090C8E4}.Release|x64.ActiveCfg = Release|Any CPU
		{2711E9AA-1F4C-4625-8217-C32FB090C8E4}.Release|x64.Build.0 = Release|Any CPU
		{2711E9AA-1F4C-4625-8217-C32FB090C8E4}.Release|x86.ActiveCfg = Release|Any CPU
		{2711E9AA-1F4C-4625-8217-C32FB090C8E4}.Release|x86.Build.0 = Release|Any CPU
		{CE798463-A437-4EF6-94ED-2F93F677B959}.Debug|Any CPU.ActiveCfg = Debug|Any CPU
		{CE798463-A437-4EF6-94ED-2F93F677B959}.Debug|Any CPU.Build.0 = Debug|Any CPU
		{CE798463-A437-4EF6-94ED-2F93F677B959}.Debug|x64.ActiveCfg = Debug|Any CPU
		{CE798463-A437-4EF6-94ED-2F93F677B959}.Debug|x64.Build.0 = Debug|Any CPU
		{CE798463-A437-4EF6-94ED-2F93F677B959}.Debug|x86.ActiveCfg = Debug|Any CPU
		{CE798463-A437-4EF6-94ED-2F93F677B959}.Debug|x86.Build.0 = Debug|Any CPU
		{CE798463-A437-4EF6-94ED-2F93F677B959}.Release|Any CPU.ActiveCfg = Release|Any CPU
		{CE798463-A437-4EF6-94ED-2F93F677B959}.Release|Any CPU.Build.0 = Release|Any CPU
		{CE798463-A437-4EF6-94ED-2F93F677B959}.Release|x64.ActiveCfg = Release|Any CPU
		{CE798463-A437-4EF6-94ED-2F93F677B959}.Release|x64.Build.0 = Release|Any CPU
		{CE798463-A437-4EF6-94ED-2F93F677B959}.Release|x86.ActiveCfg = Release|Any CPU
		{CE798463-A437-4EF6-94ED-2F93F677B959}.Release|x86.Build.0 = Release|Any CPU
		{1004A808-4CF9-4C61-9D04-E607D520F36F}.Debug|Any CPU.ActiveCfg = Debug|Any CPU
		{1004A808-4CF9-4C61-9D04-E607D520F36F}.Debug|x64.ActiveCfg = Debug|Any CPU
		{1004A808-4CF9-4C61-9D04-E607D520F36F}.Debug|x86.ActiveCfg = Debug|Any CPU
		{1004A808-4CF9-4C61-9D04-E607D520F36F}.Release|Any CPU.ActiveCfg = Release|Any CPU
		{1004A808-4CF9-4C61-9D04-E607D520F36F}.Release|x64.ActiveCfg = Release|Any CPU
		{1004A808-4CF9-4C61-9D04-E607D520F36F}.Release|x86.ActiveCfg = Release|Any CPU
	EndGlobalSection
	GlobalSection(SolutionProperties) = preSolution
		HideSolutionNode = FALSE
	EndGlobalSection
	GlobalSection(ExtensibilityGlobals) = postSolution
		SolutionGuid = {3A82129E-9C3A-45B4-8322-DA6325C4F760}
	EndGlobalSection
EndGlobal
