
Microsoft Visual Studio Solution File, Format Version 12.00
# Visual Studio Version 17
VisualStudioVersion = 17.8.34330.188
MinimumVisualStudioVersion = 10.0.40219.1
Project("{9A19103F-16F7-4668-BE54-9A1E7A4F7556}") = "vacation_backend", "vacation_backend\vacation_backend.csproj", "{2711E9AA-1F4C-4625-8217-C32FB090C8E4}"
EndProject
Global
	GlobalSection(SolutionConfigurationPlatforms) = preSolution
		Debug|Any CPU = Debug|Any CPU
		Release|Any CPU = Release|Any CPU
	EndGlobalSection
	GlobalSection(ProjectConfigurationPlatforms) = postSolution
		{2711E9AA-1F4C-4625-8217-C32FB090C8E4}.Debug|Any CPU.ActiveCfg = Debug|Any CPU
		{2711E9AA-1F4C-4625-8217-C32FB090C8E4}.Debug|Any CPU.Build.0 = Debug|Any CPU
		{2711E9AA-1F4C-4625-8217-C32FB090C8E4}.Release|Any CPU.ActiveCfg = Release|Any CPU
		{2711E9AA-1F4C-4625-8217-C32FB090C8E4}.Release|Any CPU.Build.0 = Release|Any CPU
	EndGlobalSection
	GlobalSection(SolutionProperties) = preSolution
		HideSolutionNode = FALSE
	EndGlobalSection
	GlobalSection(ExtensibilityGlobals) = postSolution
		SolutionGuid = {3A82129E-9C3A-45B4-8322-DA6325C4F760}
	EndGlobalSection
EndGlobal
